
Microsoft Visual Studio Solution File, Format Version 12.00
# Visual Studio Version 16
VisualStudioVersion = 16.0.30524.135
MinimumVisualStudioVersion = 15.0.26124.0
Project("{FAE04EC0-301F-11D3-BF4B-00C04F79EFBC}") = "Jmg.VsixProject", "Jmg.VsixProject\Jmg.VsixProject.csproj", "{A7031C81-6106-47B5-8400-2AD7BFC6C5F3}"
EndProject
Project("{2150E333-8FDC-42A3-9474-1A3956D46DE8}") = "Solution Items", "Solution Items", "{35FA3E1C-A637-4CCE-9D42-2425C9ED58DE}"
	ProjectSection(SolutionItems) = preProject
		.editorconfig = .editorconfig
		.gitattributes = .gitattributes
	EndProjectSection
EndProject
Global
	GlobalSection(SolutionConfigurationPlatforms) = preSolution
		Debug|Any CPU = Debug|Any CPU
		Debug|x64 = Debug|x64
		Debug|x86 = Debug|x86
		Release|Any CPU = Release|Any CPU
		Release|x64 = Release|x64
		Release|x86 = Release|x86
	EndGlobalSection
	GlobalSection(ProjectConfigurationPlatforms) = postSolution
		{A7031C81-6106-47B5-8400-2AD7BFC6C5F3}.Debug|Any CPU.ActiveCfg = Debug|Any CPU
		{A7031C81-6106-47B5-8400-2AD7BFC6C5F3}.Debug|Any CPU.Build.0 = Debug|Any CPU
		{A7031C81-6106-47B5-8400-2AD7BFC6C5F3}.Debug|x64.ActiveCfg = Debug|Any CPU
		{A7031C81-6106-47B5-8400-2AD7BFC6C5F3}.Debug|x64.Build.0 = Debug|Any CPU
		{A7031C81-6106-47B5-8400-2AD7BFC6C5F3}.Debug|x86.ActiveCfg = Debug|Any CPU
		{A7031C81-6106-47B5-8400-2AD7BFC6C5F3}.Debug|x86.Build.0 = Debug|Any CPU
		{A7031C81-6106-47B5-8400-2AD7BFC6C5F3}.Release|Any CPU.ActiveCfg = Release|Any CPU
		{A7031C81-6106-47B5-8400-2AD7BFC6C5F3}.Release|Any CPU.Build.0 = Release|Any CPU
		{A7031C81-6106-47B5-8400-2AD7BFC6C5F3}.Release|x64.ActiveCfg = Release|Any CPU
		{A7031C81-6106-47B5-8400-2AD7BFC6C5F3}.Release|x64.Build.0 = Release|Any CPU
		{A7031C81-6106-47B5-8400-2AD7BFC6C5F3}.Release|x86.ActiveCfg = Release|Any CPU
		{A7031C81-6106-47B5-8400-2AD7BFC6C5F3}.Release|x86.Build.0 = Release|Any CPU
	EndGlobalSection
	GlobalSection(SolutionProperties) = preSolution
		HideSolutionNode = FALSE
	EndGlobalSection
	GlobalSection(ExtensibilityGlobals) = postSolution
		SolutionGuid = {9DA2BFF8-5F8E-46A5-8F62-1843EC6A5D42}
	EndGlobalSection
EndGlobal
